
Microsoft Visual Studio Solution File, Format Version 12.00
# Visual Studio Version 16
VisualStudioVersion = 16.0.30002.166
MinimumVisualStudioVersion = 10.0.40219.1
Project("{FAE04EC0-301F-11D3-BF4B-00C04F79EFBC}") = "Calculator_y", "Calculator_y\Calculator_y.csproj", "{DF37DD15-9545-4E26-8357-90F9002F4CAD}"
EndProject
Project("{9A19103F-16F7-4668-BE54-9A1E7A4F7556}") = "Lab1Net", "Lab1Net\Lab1Net.csproj", "{2490145F-E40D-4F52-8CE7-6D78FC30575F}"
EndProject
Project("{9A19103F-16F7-4668-BE54-9A1E7A4F7556}") = "CodeFirst1", "CodeFirst\CodeFirst1.csproj", "{291BA66B-D12D-4C75-AFD6-986572AAA2A7}"
EndProject
Project("{FAE04EC0-301F-11D3-BF4B-00C04F79EFBC}") = "EFDesignFirst", "EFDesignFirst\EFDesignFirst.csproj", "{6AE0AB9E-3732-4712-917B-8777BCEAACAB}"
EndProject
Project("{FAE04EC0-301F-11D3-BF4B-00C04F79EFBC}") = "ModelDesignFirst", "ModelDesignFirst\ModelDesignFirst.csproj", "{4113337A-AFA3-44A0-BCC8-96C699163688}"
EndProject
Project("{FAE04EC0-301F-11D3-BF4B-00C04F79EFBC}") = "PostComment", "PostComment\PostComment.csproj", "{22BC6B38-ABFA-4A3C-805B-0333DC74EAA6}"
EndProject
Project("{FAE04EC0-301F-11D3-BF4B-00C04F79EFBC}") = "ObjectWCF", "ObjectWCF\ObjectWCF.csproj", "{3B64AD0B-3383-440C-A16B-3D9F7F0FF239}"
EndProject
Project("{FAE04EC0-301F-11D3-BF4B-00C04F79EFBC}") = "HostWCF", "HostWCF\HostWCF.csproj", "{725F9B9F-A818-46B9-91E9-F48ADC334296}"
EndProject
Project("{FAE04EC0-301F-11D3-BF4B-00C04F79EFBC}") = "ClientPostComment", "ClientPostComment\ClientPostComment.csproj", "{BACA97D6-718D-42D0-90A8-11D8B14351D3}"
EndProject
Project("{2150E333-8FDC-42A3-9474-1A3956D46DE8}") = "Lab 6", "Lab 6", "{C878D389-DB34-4D37-90C4-58EEE0DFCBB0}"
EndProject
Project("{2150E333-8FDC-42A3-9474-1A3956D46DE8}") = "Lab8", "Lab8", "{BED0DAC9-A535-4333-89DE-39BEA5FCF338}"
EndProject
Project("{9A19103F-16F7-4668-BE54-9A1E7A4F7556}") = "GrpcGreeter", "GrpcGreeter\GrpcGreeter.csproj", "{FE6BD241-B7C4-4976-A738-00AE6D13FC89}"
EndProject
Project("{9A19103F-16F7-4668-BE54-9A1E7A4F7556}") = "GrpcGreeterClient", "GrpcGreeterClient\GrpcGreeterClient.csproj", "{B4135B13-E65E-46F5-A2DC-FCDF351F83CF}"
EndProject
Project("{FAE04EC0-301F-11D3-BF4B-00C04F79EFBC}") = "PostComment", "Lab asp .net\PostComment\PostComment.csproj", "{60AB4DD3-4CA8-4B8C-A3B9-82F64804055B}"
EndProject
Project("{2150E333-8FDC-42A3-9474-1A3956D46DE8}") = "Lab asp.net", "Lab asp.net", "{FE4FBEF2-38F7-499D-97ED-E707225740FF}"
EndProject
Project("{FAE04EC0-301F-11D3-BF4B-00C04F79EFBC}") = "Host", "Lab asp .net\Host\Host.csproj", "{B871B3E6-E480-4B07-B6BB-E3FA0CB17ECD}"
EndProject
Project("{FAE04EC0-301F-11D3-BF4B-00C04F79EFBC}") = "Client", "Lab asp .net\Client\Client.csproj", "{C1A57BA2-1530-4965-B826-95A1102A2E9D}"
EndProject
Project("{9A19103F-16F7-4668-BE54-9A1E7A4F7556}") = "ClientCore", "Lab asp .net\ClientCore\ClientCore.csproj", "{BABB2A50-168D-4853-A393-1D86518D3B41}"
EndProject
Project("{9A19103F-16F7-4668-BE54-9A1E7A4F7556}") = "Asp_Ghiuzan_Denis_Rp", "Asp_Ghiuzan_Denis_Rp\Asp_Ghiuzan_Denis_Rp\Asp_Ghiuzan_Denis_Rp.csproj", "{404B2A00-6F5F-4C93-B9BF-86468F517DF7}"
EndProject
Project("{FAE04EC0-301F-11D3-BF4B-00C04F79EFBC}") = "PostCommentWebApplication", "PCWeb\PostCommentWebApplication\PostCommentWebApplication.csproj", "{5D7EF14C-EF2F-46DD-8F85-D4F8BF7E772E}"
EndProject
Global
	GlobalSection(SolutionConfigurationPlatforms) = preSolution
		Debug|Any CPU = Debug|Any CPU
		Release|Any CPU = Release|Any CPU
	EndGlobalSection
	GlobalSection(ProjectConfigurationPlatforms) = postSolution
		{DF37DD15-9545-4E26-8357-90F9002F4CAD}.Debug|Any CPU.ActiveCfg = Debug|Any CPU
		{DF37DD15-9545-4E26-8357-90F9002F4CAD}.Debug|Any CPU.Build.0 = Debug|Any CPU
		{DF37DD15-9545-4E26-8357-90F9002F4CAD}.Release|Any CPU.ActiveCfg = Release|Any CPU
		{DF37DD15-9545-4E26-8357-90F9002F4CAD}.Release|Any CPU.Build.0 = Release|Any CPU
		{2490145F-E40D-4F52-8CE7-6D78FC30575F}.Debug|Any CPU.ActiveCfg = Debug|Any CPU
		{2490145F-E40D-4F52-8CE7-6D78FC30575F}.Debug|Any CPU.Build.0 = Debug|Any CPU
		{2490145F-E40D-4F52-8CE7-6D78FC30575F}.Release|Any CPU.ActiveCfg = Release|Any CPU
		{2490145F-E40D-4F52-8CE7-6D78FC30575F}.Release|Any CPU.Build.0 = Release|Any CPU
		{291BA66B-D12D-4C75-AFD6-986572AAA2A7}.Debug|Any CPU.ActiveCfg = Debug|Any CPU
		{291BA66B-D12D-4C75-AFD6-986572AAA2A7}.Debug|Any CPU.Build.0 = Debug|Any CPU
		{291BA66B-D12D-4C75-AFD6-986572AAA2A7}.Release|Any CPU.ActiveCfg = Release|Any CPU
		{291BA66B-D12D-4C75-AFD6-986572AAA2A7}.Release|Any CPU.Build.0 = Release|Any CPU
		{6AE0AB9E-3732-4712-917B-8777BCEAACAB}.Debug|Any CPU.ActiveCfg = Debug|Any CPU
		{6AE0AB9E-3732-4712-917B-8777BCEAACAB}.Debug|Any CPU.Build.0 = Debug|Any CPU
		{6AE0AB9E-3732-4712-917B-8777BCEAACAB}.Release|Any CPU.ActiveCfg = Release|Any CPU
		{6AE0AB9E-3732-4712-917B-8777BCEAACAB}.Release|Any CPU.Build.0 = Release|Any CPU
		{4113337A-AFA3-44A0-BCC8-96C699163688}.Debug|Any CPU.ActiveCfg = Debug|Any CPU
		{4113337A-AFA3-44A0-BCC8-96C699163688}.Debug|Any CPU.Build.0 = Debug|Any CPU
		{4113337A-AFA3-44A0-BCC8-96C699163688}.Release|Any CPU.ActiveCfg = Release|Any CPU
		{4113337A-AFA3-44A0-BCC8-96C699163688}.Release|Any CPU.Build.0 = Release|Any CPU
		{22BC6B38-ABFA-4A3C-805B-0333DC74EAA6}.Debug|Any CPU.ActiveCfg = Debug|Any CPU
		{22BC6B38-ABFA-4A3C-805B-0333DC74EAA6}.Debug|Any CPU.Build.0 = Debug|Any CPU
		{22BC6B38-ABFA-4A3C-805B-0333DC74EAA6}.Release|Any CPU.ActiveCfg = Release|Any CPU
		{22BC6B38-ABFA-4A3C-805B-0333DC74EAA6}.Release|Any CPU.Build.0 = Release|Any CPU
		{3B64AD0B-3383-440C-A16B-3D9F7F0FF239}.Debug|Any CPU.ActiveCfg = Debug|Any CPU
		{3B64AD0B-3383-440C-A16B-3D9F7F0FF239}.Debug|Any CPU.Build.0 = Debug|Any CPU
		{3B64AD0B-3383-440C-A16B-3D9F7F0FF239}.Release|Any CPU.ActiveCfg = Release|Any CPU
		{3B64AD0B-3383-440C-A16B-3D9F7F0FF239}.Release|Any CPU.Build.0 = Release|Any CPU
		{725F9B9F-A818-46B9-91E9-F48ADC334296}.Debug|Any CPU.ActiveCfg = Debug|Any CPU
		{725F9B9F-A818-46B9-91E9-F48ADC334296}.Debug|Any CPU.Build.0 = Debug|Any CPU
		{725F9B9F-A818-46B9-91E9-F48ADC334296}.Release|Any CPU.ActiveCfg = Release|Any CPU
		{725F9B9F-A818-46B9-91E9-F48ADC334296}.Release|Any CPU.Build.0 = Release|Any CPU
		{BACA97D6-718D-42D0-90A8-11D8B14351D3}.Debug|Any CPU.ActiveCfg = Debug|Any CPU
		{BACA97D6-718D-42D0-90A8-11D8B14351D3}.Debug|Any CPU.Build.0 = Debug|Any CPU
		{BACA97D6-718D-42D0-90A8-11D8B14351D3}.Release|Any CPU.ActiveCfg = Release|Any CPU
		{BACA97D6-718D-42D0-90A8-11D8B14351D3}.Release|Any CPU.Build.0 = Release|Any CPU
		{FE6BD241-B7C4-4976-A738-00AE6D13FC89}.Debug|Any CPU.ActiveCfg = Debug|Any CPU
		{FE6BD241-B7C4-4976-A738-00AE6D13FC89}.Debug|Any CPU.Build.0 = Debug|Any CPU
		{FE6BD241-B7C4-4976-A738-00AE6D13FC89}.Release|Any CPU.ActiveCfg = Release|Any CPU
		{FE6BD241-B7C4-4976-A738-00AE6D13FC89}.Release|Any CPU.Build.0 = Release|Any CPU
		{B4135B13-E65E-46F5-A2DC-FCDF351F83CF}.Debug|Any CPU.ActiveCfg = Debug|Any CPU
		{B4135B13-E65E-46F5-A2DC-FCDF351F83CF}.Debug|Any CPU.Build.0 = Debug|Any CPU
		{B4135B13-E65E-46F5-A2DC-FCDF351F83CF}.Release|Any CPU.ActiveCfg = Release|Any CPU
		{B4135B13-E65E-46F5-A2DC-FCDF351F83CF}.Release|Any CPU.Build.0 = Release|Any CPU
		{60AB4DD3-4CA8-4B8C-A3B9-82F64804055B}.Debug|Any CPU.ActiveCfg = Debug|Any CPU
		{60AB4DD3-4CA8-4B8C-A3B9-82F64804055B}.Debug|Any CPU.Build.0 = Debug|Any CPU
		{60AB4DD3-4CA8-4B8C-A3B9-82F64804055B}.Release|Any CPU.ActiveCfg = Release|Any CPU
		{60AB4DD3-4CA8-4B8C-A3B9-82F64804055B}.Release|Any CPU.Build.0 = Release|Any CPU
		{B871B3E6-E480-4B07-B6BB-E3FA0CB17ECD}.Debug|Any CPU.ActiveCfg = Debug|Any CPU
		{B871B3E6-E480-4B07-B6BB-E3FA0CB17ECD}.Debug|Any CPU.Build.0 = Debug|Any CPU
		{B871B3E6-E480-4B07-B6BB-E3FA0CB17ECD}.Release|Any CPU.ActiveCfg = Release|Any CPU
		{B871B3E6-E480-4B07-B6BB-E3FA0CB17ECD}.Release|Any CPU.Build.0 = Release|Any CPU
		{C1A57BA2-1530-4965-B826-95A1102A2E9D}.Debug|Any CPU.ActiveCfg = Debug|Any CPU
		{C1A57BA2-1530-4965-B826-95A1102A2E9D}.Debug|Any CPU.Build.0 = Debug|Any CPU
		{C1A57BA2-1530-4965-B826-95A1102A2E9D}.Release|Any CPU.ActiveCfg = Release|Any CPU
		{C1A57BA2-1530-4965-B826-95A1102A2E9D}.Release|Any CPU.Build.0 = Release|Any CPU
		{BABB2A50-168D-4853-A393-1D86518D3B41}.Debug|Any CPU.ActiveCfg = Debug|Any CPU
		{BABB2A50-168D-4853-A393-1D86518D3B41}.Debug|Any CPU.Build.0 = Debug|Any CPU
		{BABB2A50-168D-4853-A393-1D86518D3B41}.Release|Any CPU.ActiveCfg = Release|Any CPU
		{BABB2A50-168D-4853-A393-1D86518D3B41}.Release|Any CPU.Build.0 = Release|Any CPU
		{404B2A00-6F5F-4C93-B9BF-86468F517DF7}.Debug|Any CPU.ActiveCfg = Debug|Any CPU
		{404B2A00-6F5F-4C93-B9BF-86468F517DF7}.Debug|Any CPU.Build.0 = Debug|Any CPU
		{404B2A00-6F5F-4C93-B9BF-86468F517DF7}.Release|Any CPU.ActiveCfg = Release|Any CPU
		{404B2A00-6F5F-4C93-B9BF-86468F517DF7}.Release|Any CPU.Build.0 = Release|Any CPU
		{5D7EF14C-EF2F-46DD-8F85-D4F8BF7E772E}.Debug|Any CPU.ActiveCfg = Debug|Any CPU
		{5D7EF14C-EF2F-46DD-8F85-D4F8BF7E772E}.Debug|Any CPU.Build.0 = Debug|Any CPU
		{5D7EF14C-EF2F-46DD-8F85-D4F8BF7E772E}.Release|Any CPU.ActiveCfg = Release|Any CPU
		{5D7EF14C-EF2F-46DD-8F85-D4F8BF7E772E}.Release|Any CPU.Build.0 = Release|Any CPU
	EndGlobalSection
	GlobalSection(SolutionProperties) = preSolution
		HideSolutionNode = FALSE
	EndGlobalSection
	GlobalSection(NestedProjects) = preSolution
		{22BC6B38-ABFA-4A3C-805B-0333DC74EAA6} = {C878D389-DB34-4D37-90C4-58EEE0DFCBB0}
		{3B64AD0B-3383-440C-A16B-3D9F7F0FF239} = {C878D389-DB34-4D37-90C4-58EEE0DFCBB0}
		{725F9B9F-A818-46B9-91E9-F48ADC334296} = {C878D389-DB34-4D37-90C4-58EEE0DFCBB0}
		{BACA97D6-718D-42D0-90A8-11D8B14351D3} = {C878D389-DB34-4D37-90C4-58EEE0DFCBB0}
		{FE6BD241-B7C4-4976-A738-00AE6D13FC89} = {BED0DAC9-A535-4333-89DE-39BEA5FCF338}
		{B4135B13-E65E-46F5-A2DC-FCDF351F83CF} = {BED0DAC9-A535-4333-89DE-39BEA5FCF338}
		{60AB4DD3-4CA8-4B8C-A3B9-82F64804055B} = {FE4FBEF2-38F7-499D-97ED-E707225740FF}
		{B871B3E6-E480-4B07-B6BB-E3FA0CB17ECD} = {FE4FBEF2-38F7-499D-97ED-E707225740FF}
		{C1A57BA2-1530-4965-B826-95A1102A2E9D} = {FE4FBEF2-38F7-499D-97ED-E707225740FF}
		{BABB2A50-168D-4853-A393-1D86518D3B41} = {FE4FBEF2-38F7-499D-97ED-E707225740FF}
		{5D7EF14C-EF2F-46DD-8F85-D4F8BF7E772E} = {C878D389-DB34-4D37-90C4-58EEE0DFCBB0}
	EndGlobalSection
	GlobalSection(ExtensibilityGlobals) = postSolution
		SolutionGuid = {59B718F5-1340-4F55-BBD0-AE1C468A58E9}
	EndGlobalSection
EndGlobal
